{
  "nodes": {
    "flakeNimbleLib": {
      "inputs": {
        "nixpkgs": [
          "nixpkgs"
        ]
      },
      "locked": {
        "lastModified": 1662018438,
        "narHash": "sha256-QtNtU6+LX3Wokxf0zlFwKTFOcn6TeDjKQZ+DA9OYtvM=",
        "owner": "riinr",
        "repo": "nim-flakes-lib",
        "rev": "b1fe8340736e3a85d25c709ac3dfd82a55c03cbf",
        "type": "github"
      },
      "original": {
        "owner": "riinr",
        "ref": "master",
        "repo": "nim-flakes-lib",
        "type": "github"
      }
    },
    "nixpkgs": {
      "locked": {
        "lastModified": 1667199707,
        "narHash": "sha256-I2Js3Y7gUyVSEXPULHlBoRek4Lh85vnevdS6mdvDNLI=",
        "owner": "NixOS",
        "repo": "nixpkgs",
        "rev": "ced197be72099edcfa68ebed8b87af7b04851f45",
        "type": "github"
      },
      "original": {
        "id": "nixpkgs",
        "type": "indirect"
      }
    },
    "root": {
      "inputs": {
        "flakeNimbleLib": "flakeNimbleLib",
        "nixpkgs": "nixpkgs",
        "skinterpolate-master": "skinterpolate-master"
      }
    },
    "skinterpolate-master": {
      "inputs": {
        "flakeNimbleLib": [
          "flakeNimbleLib"
        ],
        "nixpkgs": [
          "nixpkgs"
        ],
        "src-skinterpolate-master": "src-skinterpolate-master"
      },
      "locked": {
        "dir": "master",
        "lastModified": 1667322677,
        "narHash": "sha256-e0iMVFwPLFeNlkCNQgyC6966gzqezF83g/5iXWpWgyQ=",
        "owner": "nim-nix-pkgs",
        "repo": "skinterpolate",
        "rev": "ff5f8d66d919a4dda53c8b20807cfecea5b1741b",
        "type": "github"
      },
      "original": {
        "dir": "master",
        "owner": "nim-nix-pkgs",
        "ref": "master",
        "repo": "skinterpolate",
        "type": "github"
      }
    },
    "src-skinterpolate-master": {
      "flake": false,
      "locked": {
        "lastModified": 1531517733,
        "narHash": "sha256-+zTmsClniy4zDSz+MlnTuL7LGEsnV0ouWYSzHzKDUmk=",
        "owner": "Skrylar",
        "repo": "skInterpolate",
        "rev": "dbe7350b95dad3e7ff9a52c786df6a66392f5009",
        "type": "github"
      },
      "original": {
        "owner": "Skrylar",
        "ref": "refs/heads/master",
        "repo": "skInterpolate",
        "type": "github"
      }
    }
  },
  "root": "root",
  "version": 7
}
